
Microsoft Visual Studio Solution File, Format Version 12.00
# Visual Studio Version 16
VisualStudioVersion = 16.0.30503.244
MinimumVisualStudioVersion = 10.0.40219.1
Project("{FAE04EC0-301F-11D3-BF4B-00C04F79EFBC}") = "QuikSync", "QuikSync\QuikSync.csproj", "{CA89C0D4-4CB5-4159-8D1C-D1173F38A85A}"
EndProject
Project("{54435603-DBB4-11D2-8724-00A0C9A8B90C}") = "QuikSyncInstall", "QuikSyncInstall\QuikSyncInstall.vdproj", "{E5E981AE-8C91-42C4-940B-85F6C1E738D5}"
EndProject
Global
	GlobalSection(SolutionConfigurationPlatforms) = preSolution
		Debug|Any CPU = Debug|Any CPU
		Release|Any CPU = Release|Any CPU
	EndGlobalSection
	GlobalSection(ProjectConfigurationPlatforms) = postSolution
		{CA89C0D4-4CB5-4159-8D1C-D1173F38A85A}.Debug|Any CPU.ActiveCfg = Debug|Any CPU
		{CA89C0D4-4CB5-4159-8D1C-D1173F38A85A}.Debug|Any CPU.Build.0 = Debug|Any CPU
		{CA89C0D4-4CB5-4159-8D1C-D1173F38A85A}.Release|Any CPU.ActiveCfg = Release|Any CPU
		{CA89C0D4-4CB5-4159-8D1C-D1173F38A85A}.Release|Any CPU.Build.0 = Release|Any CPU
		{E5E981AE-8C91-42C4-940B-85F6C1E738D5}.Debug|Any CPU.ActiveCfg = Debug
		{E5E981AE-8C91-42C4-940B-85F6C1E738D5}.Release|Any CPU.ActiveCfg = Release
	EndGlobalSection
	GlobalSection(SolutionProperties) = preSolution
		HideSolutionNode = FALSE
	EndGlobalSection
	GlobalSection(ExtensibilityGlobals) = postSolution
		SolutionGuid = {1769EC69-BDDA-43C2-94C6-B7A3E5FD8C96}
	EndGlobalSection
EndGlobal
